
Microsoft Visual Studio Solution File, Format Version 12.00
# Visual Studio Version 17
VisualStudioVersion = 17.4.33103.184
MinimumVisualStudioVersion = 10.0.40219.1
Project("{FAE04EC0-301F-11D3-BF4B-00C04F79EFBC}") = "Winamp WPF", "Winamp WPF.csproj", "{2EE9AF0A-1E3F-436B-B79E-AF4473C9A30C}"
EndProject
Global
	GlobalSection(SolutionConfigurationPlatforms) = preSolution
		Debug|Any CPU = Debug|Any CPU
		Release|Any CPU = Release|Any CPU
	EndGlobalSection
	GlobalSection(ProjectConfigurationPlatforms) = postSolution
		{2EE9AF0A-1E3F-436B-B79E-AF4473C9A30C}.Debug|Any CPU.ActiveCfg = Debug|Any CPU
		{2EE9AF0A-1E3F-436B-B79E-AF4473C9A30C}.Debug|Any CPU.Build.0 = Debug|Any CPU
		{2EE9AF0A-1E3F-436B-B79E-AF4473C9A30C}.Release|Any CPU.ActiveCfg = Release|Any CPU
		{2EE9AF0A-1E3F-436B-B79E-AF4473C9A30C}.Release|Any CPU.Build.0 = Release|Any CPU
	EndGlobalSection
	GlobalSection(SolutionProperties) = preSolution
		HideSolutionNode = FALSE
	EndGlobalSection
	GlobalSection(ExtensibilityGlobals) = postSolution
		SolutionGuid = {4DB9F65E-5B93-4FE8-808C-E12B13D81190}
	EndGlobalSection
EndGlobal
